// !$*UTF8*$!
{
	archiveVersion = 1;
	classes = {
	};
	objectVersion = 77;
	objects = {

/* Begin PBXBuildFile section */
		10906C34E7DB00B4140A8614 /* AuthProvider.swift in Sources */ = {isa = PBXBuildFile; fileRef = 8A590D3AEEDBDCEF338CD206 /* AuthProvider.swift */; };
		298938E82F311AD9A8F87212 /* TrainingScoreDimensions.swift in Sources */ = {isa = PBXBuildFile; fileRef = C4923E41659F3856062AC775 /* TrainingScoreDimensions.swift */; };
		2FD9858B1DF650EF6B739579 /* RealtimeInstructionComposer.swift in Sources */ = {isa = PBXBuildFile; fileRef = CB8C952DDB803AFFA3D98BD7 /* RealtimeInstructionComposer.swift */; };
		44BE1ED1CF802ACBBC186785 /* Skill.swift in Sources */ = {isa = PBXBuildFile; fileRef = 6802509DE06810EF66E6B26A /* Skill.swift */; };
		557F91F76CFC5B84CA3307AC /* TrainingScoringEngine.swift in Sources */ = {isa = PBXBuildFile; fileRef = FFDF1B992A87F6B00C498DCA /* TrainingScoringEngine.swift */; };
		5C041DDA31417C5F05437C96 /* AppConfig.swift in Sources */ = {isa = PBXBuildFile; fileRef = F6ADB26532A940799B2ED83A /* AppConfig.swift */; };
		6E9FA0BE8D7BCDEFE97E5C2C /* Assets.xcassets in Resources */ = {isa = PBXBuildFile; fileRef = FEFA63436B0AA919F0BEF8DE /* Assets.xcassets */; };
		7B838F2AE2EE567AB781D7F2 /* VerbaTests.swift in Sources */ = {isa = PBXBuildFile; fileRef = 51AEAA99E4D6EFFB73E7424D /* VerbaTests.swift */; };
		84EBCB30B3882C77BAEC13D3 /* RealtimeSessionConfiguration.swift in Sources */ = {isa = PBXBuildFile; fileRef = B80CFDF07CE4B4C18D5CA496 /* RealtimeSessionConfiguration.swift */; };
		8BECC657E77F0F0B2911756A /* Transcript.swift in Sources */ = {isa = PBXBuildFile; fileRef = ED7C0237B2D4A567ECEE57D8 /* Transcript.swift */; };
		8DD2654745DAF0D378032475 /* RealtimeToolDefinition.swift in Sources */ = {isa = PBXBuildFile; fileRef = 6D09F0315FBB1DC3308BE067 /* RealtimeToolDefinition.swift */; };
		8F7278A18D0867C4B097B521 /* SkillRegistry.swift in Sources */ = {isa = PBXBuildFile; fileRef = DA99CE76715CBD2EB9022A5B /* SkillRegistry.swift */; };
		90DCA0877F778F24E2E6AEB4 /* SettingsView.swift in Sources */ = {isa = PBXBuildFile; fileRef = C574A6CDFC46997824F7190E /* SettingsView.swift */; };
		92672346C97071FEA4600C2D /* TrainingSession.swift in Sources */ = {isa = PBXBuildFile; fileRef = 476E98D0F8E958ECF4819D8D /* TrainingSession.swift */; };
		B2E0DCD13621D8FA45C702C9 /* RealtimeTransport.swift in Sources */ = {isa = PBXBuildFile; fileRef = 3BBA320DC063C9286449F36A /* RealtimeTransport.swift */; };
		C0B702A665ACAFBEDA2E3C21 /* VerbaApp.swift in Sources */ = {isa = PBXBuildFile; fileRef = 267B727E846F9E18D4D48355 /* VerbaApp.swift */; };
		D6A77685E8872555BC94B384 /* WebSocketRealtimeTransport.swift in Sources */ = {isa = PBXBuildFile; fileRef = D52BC0D5B3BE03D5845D91F6 /* WebSocketRealtimeTransport.swift */; };
		DFAC3143F0C833AFCF4119BD /* Badge.swift in Sources */ = {isa = PBXBuildFile; fileRef = A3E36C8F618E1EC1B504F824 /* Badge.swift */; };
		F2289C5CBC0558EB837A1D12 /* ContentView.swift in Sources */ = {isa = PBXBuildFile; fileRef = 6C8F40C3A74F4225DF1A4A41 /* ContentView.swift */; };
		F237BA9C15E74C6FA8F3BAC5 /* AppState.swift in Sources */ = {isa = PBXBuildFile; fileRef = E54B4E945161F444E90F7F83 /* AppState.swift */; };
		F8863B941BBF599F97A60DC8 /* KeychainAuthProvider.swift in Sources */ = {isa = PBXBuildFile; fileRef = D4EF384C25FE12D67E4A3410 /* KeychainAuthProvider.swift */; };
		FD6E7372D532BA0EAFC3462F /* Color+Hex.swift in Sources */ = {isa = PBXBuildFile; fileRef = 7F15108CBAB58BA58B688F88 /* Color+Hex.swift */; };
/* End PBXBuildFile section */

/* Begin PBXContainerItemProxy section */
		AF14374CF196D2316F509D2E /* PBXContainerItemProxy */ = {
			isa = PBXContainerItemProxy;
			containerPortal = 88584B3B948A6D1AE1FD4F35 /* Project object */;
			proxyType = 1;
			remoteGlobalIDString = FAAC6D259BF354734E1BEAA5;
			remoteInfo = Verba;
		};
/* End PBXContainerItemProxy section */

/* Begin PBXFileReference section */
		267B727E846F9E18D4D48355 /* VerbaApp.swift */ = {isa = PBXFileReference; lastKnownFileType = sourcecode.swift; path = VerbaApp.swift; sourceTree = "<group>"; };
		27E7006FDB0549D41D5DD8D6 /* VerbaTests.xctest */ = {isa = PBXFileReference; explicitFileType = wrapper.cfbundle; includeInIndex = 0; path = VerbaTests.xctest; sourceTree = BUILT_PRODUCTS_DIR; };
		3BBA320DC063C9286449F36A /* RealtimeTransport.swift */ = {isa = PBXFileReference; lastKnownFileType = sourcecode.swift; path = RealtimeTransport.swift; sourceTree = "<group>"; };
		476E98D0F8E958ECF4819D8D /* TrainingSession.swift */ = {isa = PBXFileReference; lastKnownFileType = sourcecode.swift; path = TrainingSession.swift; sourceTree = "<group>"; };
		49749C822A362CB42CE64588 /* Info.plist */ = {isa = PBXFileReference; lastKnownFileType = text.plist; path = Info.plist; sourceTree = "<group>"; };
		51AEAA99E4D6EFFB73E7424D /* VerbaTests.swift */ = {isa = PBXFileReference; lastKnownFileType = sourcecode.swift; path = VerbaTests.swift; sourceTree = "<group>"; };
		6802509DE06810EF66E6B26A /* Skill.swift */ = {isa = PBXFileReference; lastKnownFileType = sourcecode.swift; path = Skill.swift; sourceTree = "<group>"; };
		6C8F40C3A74F4225DF1A4A41 /* ContentView.swift */ = {isa = PBXFileReference; lastKnownFileType = sourcecode.swift; path = ContentView.swift; sourceTree = "<group>"; };
		6D09F0315FBB1DC3308BE067 /* RealtimeToolDefinition.swift */ = {isa = PBXFileReference; lastKnownFileType = sourcecode.swift; path = RealtimeToolDefinition.swift; sourceTree = "<group>"; };
		7F15108CBAB58BA58B688F88 /* Color+Hex.swift */ = {isa = PBXFileReference; lastKnownFileType = sourcecode.swift; path = "Color+Hex.swift"; sourceTree = "<group>"; };
		8A590D3AEEDBDCEF338CD206 /* AuthProvider.swift */ = {isa = PBXFileReference; lastKnownFileType = sourcecode.swift; path = AuthProvider.swift; sourceTree = "<group>"; };
		A3E36C8F618E1EC1B504F824 /* Badge.swift */ = {isa = PBXFileReference; lastKnownFileType = sourcecode.swift; path = Badge.swift; sourceTree = "<group>"; };
		B80CFDF07CE4B4C18D5CA496 /* RealtimeSessionConfiguration.swift */ = {isa = PBXFileReference; lastKnownFileType = sourcecode.swift; path = RealtimeSessionConfiguration.swift; sourceTree = "<group>"; };
		C4923E41659F3856062AC775 /* TrainingScoreDimensions.swift */ = {isa = PBXFileReference; lastKnownFileType = sourcecode.swift; path = TrainingScoreDimensions.swift; sourceTree = "<group>"; };
		C574A6CDFC46997824F7190E /* SettingsView.swift */ = {isa = PBXFileReference; lastKnownFileType = sourcecode.swift; path = SettingsView.swift; sourceTree = "<group>"; };
		CB8C952DDB803AFFA3D98BD7 /* RealtimeInstructionComposer.swift */ = {isa = PBXFileReference; lastKnownFileType = sourcecode.swift; path = RealtimeInstructionComposer.swift; sourceTree = "<group>"; };
		CDD82377C411A472ED123E99 /* Verba.app */ = {isa = PBXFileReference; explicitFileType = wrapper.application; includeInIndex = 0; path = Verba.app; sourceTree = BUILT_PRODUCTS_DIR; };
		CE4DE455BB2F598E552A47F0 /* Verba.entitlements */ = {isa = PBXFileReference; lastKnownFileType = text.plist.entitlements; path = Verba.entitlements; sourceTree = "<group>"; };
		D4EF384C25FE12D67E4A3410 /* KeychainAuthProvider.swift */ = {isa = PBXFileReference; lastKnownFileType = sourcecode.swift; path = KeychainAuthProvider.swift; sourceTree = "<group>"; };
		D52BC0D5B3BE03D5845D91F6 /* WebSocketRealtimeTransport.swift */ = {isa = PBXFileReference; lastKnownFileType = sourcecode.swift; path = WebSocketRealtimeTransport.swift; sourceTree = "<group>"; };
		DA99CE76715CBD2EB9022A5B /* SkillRegistry.swift */ = {isa = PBXFileReference; lastKnownFileType = sourcecode.swift; path = SkillRegistry.swift; sourceTree = "<group>"; };
		E54B4E945161F444E90F7F83 /* AppState.swift */ = {isa = PBXFileReference; lastKnownFileType = sourcecode.swift; path = AppState.swift; sourceTree = "<group>"; };
		ED7C0237B2D4A567ECEE57D8 /* Transcript.swift */ = {isa = PBXFileReference; lastKnownFileType = sourcecode.swift; path = Transcript.swift; sourceTree = "<group>"; };
		F6ADB26532A940799B2ED83A /* AppConfig.swift */ = {isa = PBXFileReference; lastKnownFileType = sourcecode.swift; path = AppConfig.swift; sourceTree = "<group>"; };
		FEFA63436B0AA919F0BEF8DE /* Assets.xcassets */ = {isa = PBXFileReference; lastKnownFileType = folder.assetcatalog; path = Assets.xcassets; sourceTree = "<group>"; };
		FFDF1B992A87F6B00C498DCA /* TrainingScoringEngine.swift */ = {isa = PBXFileReference; lastKnownFileType = sourcecode.swift; path = TrainingScoringEngine.swift; sourceTree = "<group>"; };
/* End PBXFileReference section */

/* Begin PBXGroup section */
		27F73CD10D7AFE4A33137DC1 /* Models */ = {
			isa = PBXGroup;
			children = (
				A3E36C8F618E1EC1B504F824 /* Badge.swift */,
				C4923E41659F3856062AC775 /* TrainingScoreDimensions.swift */,
				476E98D0F8E958ECF4819D8D /* TrainingSession.swift */,
				ED7C0237B2D4A567ECEE57D8 /* Transcript.swift */,
			);
			path = Models;
			sourceTree = "<group>";
		};
		5291077C07CE343EE80F7FC5 = {
			isa = PBXGroup;
			children = (
				80BEB7FC54ED670E7B5AF6E5 /* Verba */,
				7EB6118E1585931019B4F808 /* VerbaTests */,
				AEB52BEBF0E6B31AA950D7AF /* Products */,
			);
			sourceTree = "<group>";
		};
		7EB6118E1585931019B4F808 /* VerbaTests */ = {
			isa = PBXGroup;
			children = (
				51AEAA99E4D6EFFB73E7424D /* VerbaTests.swift */,
			);
			path = VerbaTests;
			sourceTree = "<group>";
		};
		80BEB7FC54ED670E7B5AF6E5 /* Verba */ = {
			isa = PBXGroup;
			children = (
				FEFA63436B0AA919F0BEF8DE /* Assets.xcassets */,
				FE958738EE3FBBEA3F049C54 /* App */,
				D4AB40E78371CE7F672FED46 /* Auth */,
				9C74C1C500C725051106CCC1 /* Realtime */,
				E3B55E60537F2121367F2B44 /* Skills */,
				D4EC7CA1CB44651D7F308DD5 /* Support */,
				80EAE825375EF2565DD922BF /* Training */,
				9B7614D98EB5A4488712EF40 /* UI */,
			);
			path = Verba;
			sourceTree = "<group>";
		};
		80EAE825375EF2565DD922BF /* Training */ = {
			isa = PBXGroup;
			children = (
				27F73CD10D7AFE4A33137DC1 /* Models */,
				F7C22B49D612F27C46A772E2 /* Scoring */,
			);
			path = Training;
			sourceTree = "<group>";
		};
		9B7614D98EB5A4488712EF40 /* UI */ = {
			isa = PBXGroup;
			children = (
				6C8F40C3A74F4225DF1A4A41 /* ContentView.swift */,
				C574A6CDFC46997824F7190E /* SettingsView.swift */,
			);
			path = UI;
			sourceTree = "<group>";
		};
		9C74C1C500C725051106CCC1 /* Realtime */ = {
			isa = PBXGroup;
			children = (
				CB8C952DDB803AFFA3D98BD7 /* RealtimeInstructionComposer.swift */,
				B80CFDF07CE4B4C18D5CA496 /* RealtimeSessionConfiguration.swift */,
				3BBA320DC063C9286449F36A /* RealtimeTransport.swift */,
				D52BC0D5B3BE03D5845D91F6 /* WebSocketRealtimeTransport.swift */,
			);
			path = Realtime;
			sourceTree = "<group>";
		};
		AEB52BEBF0E6B31AA950D7AF /* Products */ = {
			isa = PBXGroup;
			children = (
				CDD82377C411A472ED123E99 /* Verba.app */,
				27E7006FDB0549D41D5DD8D6 /* VerbaTests.xctest */,
			);
			name = Products;
			sourceTree = "<group>";
		};
		D4AB40E78371CE7F672FED46 /* Auth */ = {
			isa = PBXGroup;
			children = (
				8A590D3AEEDBDCEF338CD206 /* AuthProvider.swift */,
				D4EF384C25FE12D67E4A3410 /* KeychainAuthProvider.swift */,
			);
			path = Auth;
			sourceTree = "<group>";
		};
		D4EC7CA1CB44651D7F308DD5 /* Support */ = {
			isa = PBXGroup;
			children = (
				7F15108CBAB58BA58B688F88 /* Color+Hex.swift */,
				49749C822A362CB42CE64588 /* Info.plist */,
				CE4DE455BB2F598E552A47F0 /* Verba.entitlements */,
			);
			path = Support;
			sourceTree = "<group>";
		};
		E3B55E60537F2121367F2B44 /* Skills */ = {
			isa = PBXGroup;
			children = (
				6D09F0315FBB1DC3308BE067 /* RealtimeToolDefinition.swift */,
				6802509DE06810EF66E6B26A /* Skill.swift */,
				DA99CE76715CBD2EB9022A5B /* SkillRegistry.swift */,
			);
			path = Skills;
			sourceTree = "<group>";
		};
		F7C22B49D612F27C46A772E2 /* Scoring */ = {
			isa = PBXGroup;
			children = (
				FFDF1B992A87F6B00C498DCA /* TrainingScoringEngine.swift */,
			);
			path = Scoring;
			sourceTree = "<group>";
		};
		FE958738EE3FBBEA3F049C54 /* App */ = {
			isa = PBXGroup;
			children = (
				F6ADB26532A940799B2ED83A /* AppConfig.swift */,
				E54B4E945161F444E90F7F83 /* AppState.swift */,
				267B727E846F9E18D4D48355 /* VerbaApp.swift */,
			);
			path = App;
			sourceTree = "<group>";
		};
/* End PBXGroup section */

/* Begin PBXNativeTarget section */
		618480F0EF46D69F32126446 /* VerbaTests */ = {
			isa = PBXNativeTarget;
			buildConfigurationList = 3929F43DB4AAA7DFDC4C3FF5 /* Build configuration list for PBXNativeTarget "VerbaTests" */;
			buildPhases = (
				42837B6234A01FA8CE0B7EF5 /* Sources */,
			);
			buildRules = (
			);
			dependencies = (
				FE5815BD7EB899DBD4F99D51 /* PBXTargetDependency */,
			);
			name = VerbaTests;
			packageProductDependencies = (
			);
			productName = VerbaTests;
			productReference = 27E7006FDB0549D41D5DD8D6 /* VerbaTests.xctest */;
			productType = "com.apple.product-type.bundle.unit-test";
		};
		FAAC6D259BF354734E1BEAA5 /* Verba */ = {
			isa = PBXNativeTarget;
			buildConfigurationList = C1D29C4EBA6F2058EE9D2981 /* Build configuration list for PBXNativeTarget "Verba" */;
			buildPhases = (
				81AF4FC55E99C0C9BAA74960 /* Sources */,
				DABD6AE848F6A902C81510BB /* Resources */,
			);
			buildRules = (
			);
			dependencies = (
			);
			name = Verba;
			packageProductDependencies = (
			);
			productName = Verba;
			productReference = CDD82377C411A472ED123E99 /* Verba.app */;
			productType = "com.apple.product-type.application";
		};
/* End PBXNativeTarget section */

/* Begin PBXProject section */
		88584B3B948A6D1AE1FD4F35 /* Project object */ = {
			isa = PBXProject;
			attributes = {
				BuildIndependentTargetsInParallel = YES;
				LastUpgradeCheck = 1430;
				TargetAttributes = {
					618480F0EF46D69F32126446 = {
						ProvisioningStyle = Manual;
					};
					FAAC6D259BF354734E1BEAA5 = {
						ProvisioningStyle = Manual;
					};
				};
			};
			buildConfigurationList = CB8B248A4B1220191D80A4EC /* Build configuration list for PBXProject "Verba" */;
			compatibilityVersion = "Xcode 14.0";
			developmentRegion = en;
			hasScannedForEncodings = 0;
			knownRegions = (
				Base,
				en,
			);
			mainGroup = 5291077C07CE343EE80F7FC5;
			minimizedProjectReferenceProxies = 1;
			preferredProjectObjectVersion = 77;
			projectDirPath = "";
			projectRoot = "";
			targets = (
				FAAC6D259BF354734E1BEAA5 /* Verba */,
				618480F0EF46D69F32126446 /* VerbaTests */,
			);
		};
/* End PBXProject section */

/* Begin PBXResourcesBuildPhase section */
		DABD6AE848F6A902C81510BB /* Resources */ = {
			isa = PBXResourcesBuildPhase;
			buildActionMask = 2147483647;
			files = (
				6E9FA0BE8D7BCDEFE97E5C2C /* Assets.xcassets in Resources */,
			);
			runOnlyForDeploymentPostprocessing = 0;
		};
/* End PBXResourcesBuildPhase section */

/* Begin PBXSourcesBuildPhase section */
		42837B6234A01FA8CE0B7EF5 /* Sources */ = {
			isa = PBXSourcesBuildPhase;
			buildActionMask = 2147483647;
			files = (
				7B838F2AE2EE567AB781D7F2 /* VerbaTests.swift in Sources */,
			);
			runOnlyForDeploymentPostprocessing = 0;
		};
		81AF4FC55E99C0C9BAA74960 /* Sources */ = {
			isa = PBXSourcesBuildPhase;
			buildActionMask = 2147483647;
			files = (
				5C041DDA31417C5F05437C96 /* AppConfig.swift in Sources */,
				F237BA9C15E74C6FA8F3BAC5 /* AppState.swift in Sources */,
				10906C34E7DB00B4140A8614 /* AuthProvider.swift in Sources */,
				DFAC3143F0C833AFCF4119BD /* Badge.swift in Sources */,
				FD6E7372D532BA0EAFC3462F /* Color+Hex.swift in Sources */,
				F2289C5CBC0558EB837A1D12 /* ContentView.swift in Sources */,
				F8863B941BBF599F97A60DC8 /* KeychainAuthProvider.swift in Sources */,
				2FD9858B1DF650EF6B739579 /* RealtimeInstructionComposer.swift in Sources */,
				84EBCB30B3882C77BAEC13D3 /* RealtimeSessionConfiguration.swift in Sources */,
				8DD2654745DAF0D378032475 /* RealtimeToolDefinition.swift in Sources */,
				B2E0DCD13621D8FA45C702C9 /* RealtimeTransport.swift in Sources */,
				90DCA0877F778F24E2E6AEB4 /* SettingsView.swift in Sources */,
				44BE1ED1CF802ACBBC186785 /* Skill.swift in Sources */,
				8F7278A18D0867C4B097B521 /* SkillRegistry.swift in Sources */,
				298938E82F311AD9A8F87212 /* TrainingScoreDimensions.swift in Sources */,
				557F91F76CFC5B84CA3307AC /* TrainingScoringEngine.swift in Sources */,
				92672346C97071FEA4600C2D /* TrainingSession.swift in Sources */,
				8BECC657E77F0F0B2911756A /* Transcript.swift in Sources */,
				C0B702A665ACAFBEDA2E3C21 /* VerbaApp.swift in Sources */,
				D6A77685E8872555BC94B384 /* WebSocketRealtimeTransport.swift in Sources */,
			);
			runOnlyForDeploymentPostprocessing = 0;
		};
/* End PBXSourcesBuildPhase section */

/* Begin PBXTargetDependency section */
		FE5815BD7EB899DBD4F99D51 /* PBXTargetDependency */ = {
			isa = PBXTargetDependency;
			target = FAAC6D259BF354734E1BEAA5 /* Verba */;
			targetProxy = AF14374CF196D2316F509D2E /* PBXContainerItemProxy */;
		};
/* End PBXTargetDependency section */

/* Begin XCBuildConfiguration section */
		1041EE2E68AE1084F3C641FD /* Release */ = {
			isa = XCBuildConfiguration;
			buildSettings = {
				ASSETCATALOG_COMPILER_APPICON_NAME = AppIcon;
				CODE_SIGN_ENTITLEMENTS = Verba/Support/Verba.entitlements;
				CODE_SIGN_IDENTITY = "-";
				CODE_SIGN_STYLE = Manual;
				COMBINE_HIDPI_IMAGES = YES;
				ENABLE_HARDENED_RUNTIME = YES;
				INFOPLIST_FILE = Verba/Support/Info.plist;
				LD_RUNPATH_SEARCH_PATHS = (
					"$(inherited)",
					"@executable_path/../Frameworks",
				);
				PRODUCT_BUNDLE_IDENTIFIER = com.rosswoodhurst.verba;
				PRODUCT_MODULE_NAME = Verba;
				PRODUCT_NAME = Karen;
				SDKROOT = macosx;
			};
			name = Release;
		};
		14BAA9CB152B2A099C45F6F3 /* Debug */ = {
			isa = XCBuildConfiguration;
			buildSettings = {
				BUNDLE_LOADER = "$(TEST_HOST)";
				CODE_SIGN_IDENTITY = "-";
				CODE_SIGN_STYLE = Manual;
				COMBINE_HIDPI_IMAGES = YES;
				GENERATE_INFOPLIST_FILE = YES;
				LD_RUNPATH_SEARCH_PATHS = (
					"$(inherited)",
					"@executable_path/../Frameworks",
					"@loader_path/../Frameworks",
				);
				PRODUCT_BUNDLE_IDENTIFIER = com.rosswoodhurst.verba.tests;
				SDKROOT = macosx;
				TEST_HOST = "$(BUILT_PRODUCTS_DIR)/Karen.app/Contents/MacOS/Karen";
			};
			name = Debug;
		};
		170D2BEA7F483E4193F566C9 /* Debug */ = {
			isa = XCBuildConfiguration;
			buildSettings = {
				ASSETCATALOG_COMPILER_APPICON_NAME = AppIcon;
				CODE_SIGN_ENTITLEMENTS = Verba/Support/Verba.entitlements;
				CODE_SIGN_IDENTITY = "-";
				CODE_SIGN_STYLE = Manual;
				COMBINE_HIDPI_IMAGES = YES;
				ENABLE_HARDENED_RUNTIME = YES;
				INFOPLIST_FILE = Verba/Support/Info.plist;
				LD_RUNPATH_SEARCH_PATHS = (
					"$(inherited)",
					"@executable_path/../Frameworks",
				);
				PRODUCT_BUNDLE_IDENTIFIER = com.rosswoodhurst.verba;
				PRODUCT_MODULE_NAME = Verba;
				PRODUCT_NAME = Karen;
				SDKROOT = macosx;
			};
			name = Debug;
		};
		2B466C054F4C6A6858CFFD58 /* Release */ = {
			isa = XCBuildConfiguration;
			buildSettings = {
				ALWAYS_SEARCH_USER_PATHS = NO;
				CLANG_ANALYZER_LOCALIZABILITY_NONLOCALIZED = YES;
				CLANG_ANALYZER_NONNULL = YES;
				CLANG_ANALYZER_NUMBER_OBJECT_CONVERSION = YES_AGGRESSIVE;
				CLANG_CXX_LANGUAGE_STANDARD = "gnu++14";
				CLANG_CXX_LIBRARY = "libc++";
				CLANG_ENABLE_MODULES = YES;
				CLANG_ENABLE_OBJC_ARC = YES;
				CLANG_ENABLE_OBJC_WEAK = YES;
				CLANG_WARN_BLOCK_CAPTURE_AUTORELEASING = YES;
				CLANG_WARN_BOOL_CONVERSION = YES;
				CLANG_WARN_COMMA = YES;
				CLANG_WARN_CONSTANT_CONVERSION = YES;
				CLANG_WARN_DEPRECATED_OBJC_IMPLEMENTATIONS = YES;
				CLANG_WARN_DIRECT_OBJC_ISA_USAGE = YES_ERROR;
				CLANG_WARN_DOCUMENTATION_COMMENTS = YES;
				CLANG_WARN_EMPTY_BODY = YES;
				CLANG_WARN_ENUM_CONVERSION = YES;
				CLANG_WARN_INFINITE_RECURSION = YES;
				CLANG_WARN_INT_CONVERSION = YES;
				CLANG_WARN_NON_LITERAL_NULL_CONVERSION = YES;
				CLANG_WARN_OBJC_IMPLICIT_RETAIN_SELF = YES;
				CLANG_WARN_OBJC_LITERAL_CONVERSION = YES;
				CLANG_WARN_OBJC_ROOT_CLASS = YES_ERROR;
				CLANG_WARN_QUOTED_INCLUDE_IN_FRAMEWORK_HEADER = YES;
				CLANG_WARN_RANGE_LOOP_ANALYSIS = YES;
				CLANG_WARN_STRICT_PROTOTYPES = YES;
				CLANG_WARN_SUSPICIOUS_MOVE = YES;
				CLANG_WARN_UNGUARDED_AVAILABILITY = YES_AGGRESSIVE;
				CLANG_WARN_UNREACHABLE_CODE = YES;
				CLANG_WARN__DUPLICATE_METHOD_MATCH = YES;
				COPY_PHASE_STRIP = NO;
				CURRENT_PROJECT_VERSION = 1;
				DEBUG_INFORMATION_FORMAT = "dwarf-with-dsym";
				ENABLE_NS_ASSERTIONS = NO;
				ENABLE_STRICT_OBJC_MSGSEND = YES;
				GCC_C_LANGUAGE_STANDARD = gnu11;
				GCC_NO_COMMON_BLOCKS = YES;
				GCC_WARN_64_TO_32_BIT_CONVERSION = YES;
				GCC_WARN_ABOUT_RETURN_TYPE = YES_ERROR;
				GCC_WARN_UNDECLARED_SELECTOR = YES;
				GCC_WARN_UNINITIALIZED_AUTOS = YES_AGGRESSIVE;
				GCC_WARN_UNUSED_FUNCTION = YES;
				GCC_WARN_UNUSED_VARIABLE = YES;
				MACOSX_DEPLOYMENT_TARGET = 14.0;
				MARKETING_VERSION = 0.1.0;
				MTL_ENABLE_DEBUG_INFO = NO;
				MTL_FAST_MATH = YES;
				PRODUCT_NAME = "$(TARGET_NAME)";
				SDKROOT = macosx;
				SWIFT_COMPILATION_MODE = wholemodule;
				SWIFT_OPTIMIZATION_LEVEL = "-O";
				SWIFT_STRICT_CONCURRENCY = complete;
				SWIFT_VERSION = 6.0;
			};
			name = Release;
		};
		8D6D463BC66714337F63D0AD /* Debug */ = {
			isa = XCBuildConfiguration;
			buildSettings = {
				ALWAYS_SEARCH_USER_PATHS = NO;
				CLANG_ANALYZER_LOCALIZABILITY_NONLOCALIZED = YES;
				CLANG_ANALYZER_NONNULL = YES;
				CLANG_ANALYZER_NUMBER_OBJECT_CONVERSION = YES_AGGRESSIVE;
				CLANG_CXX_LANGUAGE_STANDARD = "gnu++14";
				CLANG_CXX_LIBRARY = "libc++";
				CLANG_ENABLE_MODULES = YES;
				CLANG_ENABLE_OBJC_ARC = YES;
				CLANG_ENABLE_OBJC_WEAK = YES;
				CLANG_WARN_BLOCK_CAPTURE_AUTORELEASING = YES;
				CLANG_WARN_BOOL_CONVERSION = YES;
				CLANG_WARN_COMMA = YES;
				CLANG_WARN_CONSTANT_CONVERSION = YES;
				CLANG_WARN_DEPRECATED_OBJC_IMPLEMENTATIONS = YES;
				CLANG_WARN_DIRECT_OBJC_ISA_USAGE = YES_ERROR;
				CLANG_WARN_DOCUMENTATION_COMMENTS = YES;
				CLANG_WARN_EMPTY_BODY = YES;
				CLANG_WARN_ENUM_CONVERSION = YES;
				CLANG_WARN_INFINITE_RECURSION = YES;
				CLANG_WARN_INT_CONVERSION = YES;
				CLANG_WARN_NON_LITERAL_NULL_CONVERSION = YES;
				CLANG_WARN_OBJC_IMPLICIT_RETAIN_SELF = YES;
				CLANG_WARN_OBJC_LITERAL_CONVERSION = YES;
				CLANG_WARN_OBJC_ROOT_CLASS = YES_ERROR;
				CLANG_WARN_QUOTED_INCLUDE_IN_FRAMEWORK_HEADER = YES;
				CLANG_WARN_RANGE_LOOP_ANALYSIS = YES;
				CLANG_WARN_STRICT_PROTOTYPES = YES;
				CLANG_WARN_SUSPICIOUS_MOVE = YES;
				CLANG_WARN_UNGUARDED_AVAILABILITY = YES_AGGRESSIVE;
				CLANG_WARN_UNREACHABLE_CODE = YES;
				CLANG_WARN__DUPLICATE_METHOD_MATCH = YES;
				COPY_PHASE_STRIP = NO;
				CURRENT_PROJECT_VERSION = 1;
				DEBUG_INFORMATION_FORMAT = dwarf;
				ENABLE_STRICT_OBJC_MSGSEND = YES;
				ENABLE_TESTABILITY = YES;
				GCC_C_LANGUAGE_STANDARD = gnu11;
				GCC_DYNAMIC_NO_PIC = NO;
				GCC_NO_COMMON_BLOCKS = YES;
				GCC_OPTIMIZATION_LEVEL = 0;
				GCC_PREPROCESSOR_DEFINITIONS = (
					"$(inherited)",
					"DEBUG=1",
				);
				GCC_WARN_64_TO_32_BIT_CONVERSION = YES;
				GCC_WARN_ABOUT_RETURN_TYPE = YES_ERROR;
				GCC_WARN_UNDECLARED_SELECTOR = YES;
				GCC_WARN_UNINITIALIZED_AUTOS = YES_AGGRESSIVE;
				GCC_WARN_UNUSED_FUNCTION = YES;
				GCC_WARN_UNUSED_VARIABLE = YES;
				MACOSX_DEPLOYMENT_TARGET = 14.0;
				MARKETING_VERSION = 0.1.0;
				MTL_ENABLE_DEBUG_INFO = INCLUDE_SOURCE;
				MTL_FAST_MATH = YES;
				ONLY_ACTIVE_ARCH = YES;
				PRODUCT_NAME = "$(TARGET_NAME)";
				SDKROOT = macosx;
				SWIFT_ACTIVE_COMPILATION_CONDITIONS = DEBUG;
				SWIFT_OPTIMIZATION_LEVEL = "-Onone";
				SWIFT_STRICT_CONCURRENCY = complete;
				SWIFT_VERSION = 6.0;
			};
			name = Debug;
		};
		E5D3A973DEB7F6AE705EBBBB /* Release */ = {
			isa = XCBuildConfiguration;
			buildSettings = {
				BUNDLE_LOADER = "$(TEST_HOST)";
				CODE_SIGN_IDENTITY = "-";
				CODE_SIGN_STYLE = Manual;
				COMBINE_HIDPI_IMAGES = YES;
				GENERATE_INFOPLIST_FILE = YES;
				LD_RUNPATH_SEARCH_PATHS = (
					"$(inherited)",
					"@executable_path/../Frameworks",
					"@loader_path/../Frameworks",
				);
				PRODUCT_BUNDLE_IDENTIFIER = com.rosswoodhurst.verba.tests;
				SDKROOT = macosx;
				TEST_HOST = "$(BUILT_PRODUCTS_DIR)/Karen.app/Contents/MacOS/Karen";
			};
			name = Release;
		};
/* End XCBuildConfiguration section */

/* Begin XCConfigurationList section */
		3929F43DB4AAA7DFDC4C3FF5 /* Build configuration list for PBXNativeTarget "VerbaTests" */ = {
			isa = XCConfigurationList;
			buildConfigurations = (
				14BAA9CB152B2A099C45F6F3 /* Debug */,
				E5D3A973DEB7F6AE705EBBBB /* Release */,
			);
			defaultConfigurationIsVisible = 0;
			defaultConfigurationName = Debug;
		};
		C1D29C4EBA6F2058EE9D2981 /* Build configuration list for PBXNativeTarget "Verba" */ = {
			isa = XCConfigurationList;
			buildConfigurations = (
				170D2BEA7F483E4193F566C9 /* Debug */,
				1041EE2E68AE1084F3C641FD /* Release */,
			);
			defaultConfigurationIsVisible = 0;
			defaultConfigurationName = Debug;
		};
		CB8B248A4B1220191D80A4EC /* Build configuration list for PBXProject "Verba" */ = {
			isa = XCConfigurationList;
			buildConfigurations = (
				8D6D463BC66714337F63D0AD /* Debug */,
				2B466C054F4C6A6858CFFD58 /* Release */,
			);
			defaultConfigurationIsVisible = 0;
			defaultConfigurationName = Debug;
		};
/* End XCConfigurationList section */
	};
	rootObject = 88584B3B948A6D1AE1FD4F35 /* Project object */;
}
